{
  "https://framer.com/m/AnimatedTextComponent-sApI.js": { "resolved": "https://framerusercontent.com/modules/iWYwCMJ2oO8TAaOWcBRA/uJ2eenC4htS8yIdNguqP/AnimatedTextComponent.js", "integrity": "sha512-Oh5ZpZh6BcF9AMjib80NPPdOKynHDcegGV5DqICaesuY42dMknK8aLmM1VgPpPiqiuESqS5nX/sLEhq6BbB/0w==", "contentType": "text/javascript; charset=UTF-8" },
  "https://framer.com/m/AnimatedTextComponent-sApI.js@1COA1A0XsOXJA1MJranh": { "resolved": "https://framerusercontent.com/modules/iWYwCMJ2oO8TAaOWcBRA/1COA1A0XsOXJA1MJranh/AnimatedTextComponent.js", "integrity": "sha512-u6+m9fiTwLzUGXMqAO6VkjM/RU72zKvAoiat/bQzWpfYL/HvBtAgKP5BsKz1ERtLcf7uaK+0qA7S9Ys2LZXnNQ==", "contentType": "text/javascript; charset=UTF-8" },
  "https://framer.com/m/AnimatedTextComponent-sApI.js@3xDyMbwKKj5Xt9ZpbEgM": { "resolved": "https://framerusercontent.com/modules/iWYwCMJ2oO8TAaOWcBRA/3xDyMbwKKj5Xt9ZpbEgM/AnimatedTextComponent.js", "integrity": "sha512-toRXNNGxCJwUzl8jopJ+XX4YNO7x265NumsyE/uVXSf1PVAdncj1DyoqhZ6XIOTwAcnOpwu0E8z5hcJdDVwNcg==", "contentType": "text/javascript; charset=UTF-8" },
  "https://framer.com/m/AnimatedTextComponent-sApI.js@5BGDgCA8DlqIBJ2v2dn0": { "resolved": "https://framerusercontent.com/modules/iWYwCMJ2oO8TAaOWcBRA/5BGDgCA8DlqIBJ2v2dn0/AnimatedTextComponent.js", "integrity": "sha512-uz5fG30+wempLIOZsBoFSk8Gxln4JXglhxkwPa7HRYJIJqNe9xONIMKiuEP0fj6cIhwqhV3hvGsbINVfT3+DLA==", "contentType": "text/javascript; charset=UTF-8" },
  "https://framer.com/m/AnimatedTextComponent-sApI.js@5xp8TWTDoqivXamDD1k4": { "resolved": "https://framerusercontent.com/modules/iWYwCMJ2oO8TAaOWcBRA/5xp8TWTDoqivXamDD1k4/AnimatedTextComponent.js", "integrity": "sha512-YbIUGdPeBfDLdv2ytWCMp6US6wKjjH+Kw1Rwm2O5B7s6n+npY2ybcMus4TFjRH5ABiL7BZ3E4jSix4B5JZLGCg==", "contentType": "text/javascript; charset=UTF-8" },
  "https://framer.com/m/AnimatedTextComponent-sApI.js@8GvRbXfpEBIYtobYzEBx": { "resolved": "https://framerusercontent.com/modules/iWYwCMJ2oO8TAaOWcBRA/8GvRbXfpEBIYtobYzEBx/AnimatedTextComponent.js", "integrity": "sha512-C47ESxQnX6jNmvEzlHM3ciAIKbF8Un8s4db3Rn1nI9p5qpNh96PMjKl3ZdGCUjArJfkueS/UWrrQp9leTDP/BA==", "contentType": "text/javascript; charset=UTF-8" },
  "https://framer.com/m/AnimatedTextComponent-sApI.js@9f6AEVedElhxoKc8uOVM": { "resolved": "https://framerusercontent.com/modules/iWYwCMJ2oO8TAaOWcBRA/9f6AEVedElhxoKc8uOVM/AnimatedTextComponent.js", "integrity": "sha512-iKvxfPx9j2RTC6GJWggPY1LlIYSYilL5OHBOTXTvMyhRtjPprNhXC7EvfDMe1jm0LHRuWr8XjIgg3VTxnUrLYQ==", "contentType": "text/javascript; charset=UTF-8" },
  "https://framer.com/m/AnimatedTextComponent-sApI.js@CNPoyhuHip4a5kVSHiz8": { "resolved": "https://framerusercontent.com/modules/iWYwCMJ2oO8TAaOWcBRA/CNPoyhuHip4a5kVSHiz8/AnimatedTextComponent.js", "integrity": "sha512-QX1g1gDEQ6GI8FecsgFNVu0fsoJtETcP+qs6ZN58ZBlzfOJfJhXt7uLaGnk/7yKEyIpxtXV2tg3eWxi81wiQIw==", "contentType": "text/javascript; charset=UTF-8" },
  "https://framer.com/m/AnimatedTextComponent-sApI.js@NDVcK5n2iJsHcfqh5K7E": { "resolved": "https://framerusercontent.com/modules/iWYwCMJ2oO8TAaOWcBRA/NDVcK5n2iJsHcfqh5K7E/AnimatedTextComponent.js", "integrity": "sha512-TPROPRqkbcN5s07kv++aGuyJm/g6smyDbddRaV9ilLGoaiLyoe3HISVawMyJkX5993jnhAf9g1hupPpO0RCq+w==", "contentType": "text/javascript; charset=UTF-8" },
  "https://framer.com/m/AnimatedTextComponent-sApI.js@NwdcMwq2f30Dfn3z6EE5": { "resolved": "https://framerusercontent.com/modules/iWYwCMJ2oO8TAaOWcBRA/NwdcMwq2f30Dfn3z6EE5/AnimatedTextComponent.js", "integrity": "sha512-J3521UxDqYwusuI4m+4COu1lI0XdduNQXP6wRvL8rZ6qxSgo1vEWI575MSvv6+ULVoKKP/a7rBrz4R38L0eJmA==", "contentType": "text/javascript; charset=UTF-8" },
  "https://framer.com/m/AnimatedTextComponent-sApI.js@OtqtaCrPOaEgmxpJYIW5": { "resolved": "https://framerusercontent.com/modules/iWYwCMJ2oO8TAaOWcBRA/OtqtaCrPOaEgmxpJYIW5/AnimatedTextComponent.js", "integrity": "sha512-JRlinenuNpttoGynrMG6c1N0iH+SOqnZZCDy6zmvagjiHknJzYUFEInU0By4/4NUfzwEIgOn1nqmannOOTQNBA==", "contentType": "text/javascript; charset=UTF-8" },
  "https://framer.com/m/AnimatedTextComponent-sApI.js@TBm9SHtu3PoHvOj0fxbG": { "resolved": "https://framerusercontent.com/modules/iWYwCMJ2oO8TAaOWcBRA/TBm9SHtu3PoHvOj0fxbG/AnimatedTextComponent.js", "integrity": "sha512-ZgU9D+8CbtfkeFprEw91Zi1hps2KwdJqX52nIh/RFP/7vWYeufXW4ytUhpBLnwB/Wjj54AQV9fvbAVkwYXWjjQ==", "contentType": "text/javascript; charset=UTF-8" },
  "https://framer.com/m/AnimatedTextComponent-sApI.js@hHXs5RjdvEGViDcAdFav": { "resolved": "https://framerusercontent.com/modules/iWYwCMJ2oO8TAaOWcBRA/hHXs5RjdvEGViDcAdFav/AnimatedTextComponent.js", "integrity": "sha512-ypdXH8FV3ejT5OrApVOJ1EbmIv79csjqlonJAXFSRDLSL/jo2EBKwE/9voSMG6ba7TdRacWv4TCsD6gEjIF4YA==", "contentType": "text/javascript; charset=UTF-8" },
  "https://framer.com/m/AnimatedTextComponent-sApI.js@rQMxc5oLqyuUjwpUSDVh": { "resolved": "https://framerusercontent.com/modules/iWYwCMJ2oO8TAaOWcBRA/rQMxc5oLqyuUjwpUSDVh/AnimatedTextComponent.js", "integrity": "sha512-FD2yDtMmCTWJ/Wd4U+Gjpzzm0VzVJzNS1ezOOOMMB5XBH4O9yn3GLkLj27XoqeHrRxajf19LODLfMn6jmL/Kog==", "contentType": "text/javascript; charset=UTF-8" },
  "https://framer.com/m/Toggle-B5iT.js@X94mtocAj5XithxLESme": { "resolved": "https://framerusercontent.com/modules/tKSXNtFwMfl95hERmdUR/X94mtocAj5XithxLESme/VYyyC5Rw4.js", "integrity": "sha512-g3YcyEr/BuWeLFYcA5YJfFwHUnRZgGmdPCrKb02Srh406e7TE2CdkTNhCZrL4aul+MUz5nO24Juzu75S3heaZQ==", "contentType": "text/javascript; charset=UTF-8" },
  "https://framer.com/m/framer/randomID.js@^2.0.0": { "resolved": "https://framerusercontent.com/modules/9v9kZvfG4dVIvUGXWTUG/0XmuCxJqtgJLC9OHPU64/randomID.js", "integrity": "sha512-I+aLLdwOzklP4OSw18GaKkpPVOXMsJom4XsE1f7sHs6QAIRtiS0+u4KK+06kc4T24On08AaP54d6F3ZS5zhlNA==", "contentType": "text/javascript; charset=UTF-8" },
  "https://framer.com/m/framer/useConstant.js@^1.0.0": { "resolved": "https://framerusercontent.com/modules/e6iTGMqgmkFJvN0mYhkr/KWXeR1JD2kMVZ95etjSs/useConstant.js", "integrity": "sha512-AWOENGlFPMLr/lWIIT5WyYDo8DWBJGywUpoDdSttgt2m0GZ/vm4xU5hI2eykze45HhprugVxpPjMFusU/FDpaA==", "contentType": "text/javascript; charset=UTF-8" },
  "https://framerusercontent.com/modules/wBE6CvHnLVPSoOT0l9Kc/5nVA7CsRje4moFqWwJIr/WavyText.js": { "integrity": "sha512-Btq23kCySPRNhNnjBxnAQ43KdBs3v3LaV1jN0Kskw8/nfdGUmYRz13xrH1DPibvALlrc7RTnlW4xdsgFKiUU2g==", "contentType": "text/javascript; charset=UTF-8" },
  "version": 1
}
